
Microsoft Visual Studio Solution File, Format Version 12.00
# Visual Studio Version 17
VisualStudioVersion = 17.13.35818.85 d17.13
MinimumVisualStudioVersion = 10.0.40219.1
Project("{FAE04EC0-301F-11D3-BF4B-00C04F79EFBC}") = "WPF_1st UI Project", "WPF_1st UI Project\WPF_1st UI Project.csproj", "{9B439595-0C6F-4E66-BEDB-F7ADBB125478}"
EndProject
Global
	GlobalSection(SolutionConfigurationPlatforms) = preSolution
		Debug|Any CPU = Debug|Any CPU
		Release|Any CPU = Release|Any CPU
	EndGlobalSection
	GlobalSection(ProjectConfigurationPlatforms) = postSolution
		{9B439595-0C6F-4E66-BEDB-F7ADBB125478}.Debug|Any CPU.ActiveCfg = Debug|Any CPU
		{9B439595-0C6F-4E66-BEDB-F7ADBB125478}.Debug|Any CPU.Build.0 = Debug|Any CPU
		{9B439595-0C6F-4E66-BEDB-F7ADBB125478}.Release|Any CPU.ActiveCfg = Release|Any CPU
		{9B439595-0C6F-4E66-BEDB-F7ADBB125478}.Release|Any CPU.Build.0 = Release|Any CPU
	EndGlobalSection
	GlobalSection(SolutionProperties) = preSolution
		HideSolutionNode = FALSE
	EndGlobalSection
	GlobalSection(ExtensibilityGlobals) = postSolution
		SolutionGuid = {4BB4EFF6-E2E9-4ABF-A4C8-712F25130775}
	EndGlobalSection
EndGlobal
